
Microsoft Visual Studio Solution File, Format Version 11.00
# Visual Studio 2010
Project("{FAE04EC0-301F-11D3-BF4B-00C04F79EFBC}") = "ConversorDrawindDLL", "ConversorDrawindDLL\ConversorDrawindDLL.csproj", "{F9495C50-2731-4613-A7E5-9932A492D311}"
EndProject
Project("{FAE04EC0-301F-11D3-BF4B-00C04F79EFBC}") = "ConversorDrawindDLL.Tests", "ConversorDrawindDLL.Tests\ConversorDrawindDLL.Tests.csproj", "{72B97A4D-5F56-4C4B-9F8C-3D2E5DDA0A95}"
EndProject
Global
	GlobalSection(SolutionConfigurationPlatforms) = preSolution
		Debug|Any CPU = Debug|Any CPU
		Release|Any CPU = Release|Any CPU
	EndGlobalSection
	GlobalSection(ProjectConfigurationPlatforms) = postSolution
		{F9495C50-2731-4613-A7E5-9932A492D311}.Debug|Any CPU.ActiveCfg = Debug|Any CPU
		{F9495C50-2731-4613-A7E5-9932A492D311}.Debug|Any CPU.Build.0 = Debug|Any CPU
		{F9495C50-2731-4613-A7E5-9932A492D311}.Release|Any CPU.ActiveCfg = Release|Any CPU
		{F9495C50-2731-4613-A7E5-9932A492D311}.Release|Any CPU.Build.0 = Release|Any CPU
		{72B97A4D-5F56-4C4B-9F8C-3D2E5DDA0A95}.Debug|Any CPU.ActiveCfg = Debug|Any CPU
		{72B97A4D-5F56-4C4B-9F8C-3D2E5DDA0A95}.Debug|Any CPU.Build.0 = Debug|Any CPU
		{72B97A4D-5F56-4C4B-9F8C-3D2E5DDA0A95}.Release|Any CPU.ActiveCfg = Release|Any CPU
		{72B97A4D-5F56-4C4B-9F8C-3D2E5DDA0A95}.Release|Any CPU.Build.0 = Release|Any CPU
	EndGlobalSection
	GlobalSection(SolutionProperties) = preSolution
		HideSolutionNode = FALSE
	EndGlobalSection
EndGlobal
